
Microsoft Visual Studio Solution File, Format Version 12.00
# Visual Studio Version 17
VisualStudioVersion = 17.1.32421.90
MinimumVisualStudioVersion = 10.0.40219.1
Project("{FAE04EC0-301F-11D3-BF4B-00C04F79EFBC}") = "WebApplication1", "WebApplication1\WebApplication1.csproj", "{B3966B3E-0C66-4408-AA95-69C6F5EC84CA}"
EndProject
Global
	GlobalSection(SolutionConfigurationPlatforms) = preSolution
		Debug|Any CPU = Debug|Any CPU
		Release|Any CPU = Release|Any CPU
	EndGlobalSection
	GlobalSection(ProjectConfigurationPlatforms) = postSolution
		{B3966B3E-0C66-4408-AA95-69C6F5EC84CA}.Debug|Any CPU.ActiveCfg = Debug|Any CPU
		{B3966B3E-0C66-4408-AA95-69C6F5EC84CA}.Debug|Any CPU.Build.0 = Debug|Any CPU
		{B3966B3E-0C66-4408-AA95-69C6F5EC84CA}.Release|Any CPU.ActiveCfg = Release|Any CPU
		{B3966B3E-0C66-4408-AA95-69C6F5EC84CA}.Release|Any CPU.Build.0 = Release|Any CPU
	EndGlobalSection
	GlobalSection(SolutionProperties) = preSolution
		HideSolutionNode = FALSE
	EndGlobalSection
	GlobalSection(ExtensibilityGlobals) = postSolution
		SolutionGuid = {F39DB4B8-59D6-4132-92D6-B4C489A3F668}
	EndGlobalSection
EndGlobal
